
Microsoft Visual Studio Solution File, Format Version 12.00
# Visual Studio Version 17
VisualStudioVersion = 17.3.32825.248
MinimumVisualStudioVersion = 10.0.40219.1
Project("{FAE04EC0-301F-11D3-BF4B-00C04F79EFBC}") = "XShell2MobaXterm", "XShell2MobaXterm\XShell2MobaXterm.csproj", "{0575FAF6-8261-431A-9378-64188C36A44F}"
EndProject
Global
	GlobalSection(SolutionConfigurationPlatforms) = preSolution
		Debug|Any CPU = Debug|Any CPU
		Release|Any CPU = Release|Any CPU
	EndGlobalSection
	GlobalSection(ProjectConfigurationPlatforms) = postSolution
		{0575FAF6-8261-431A-9378-64188C36A44F}.Debug|Any CPU.ActiveCfg = Debug|Any CPU
		{0575FAF6-8261-431A-9378-64188C36A44F}.Debug|Any CPU.Build.0 = Debug|Any CPU
		{0575FAF6-8261-431A-9378-64188C36A44F}.Release|Any CPU.ActiveCfg = Release|Any CPU
		{0575FAF6-8261-431A-9378-64188C36A44F}.Release|Any CPU.Build.0 = Release|Any CPU
	EndGlobalSection
	GlobalSection(SolutionProperties) = preSolution
		HideSolutionNode = FALSE
	EndGlobalSection
	GlobalSection(ExtensibilityGlobals) = postSolution
		SolutionGuid = {75FEA1EF-18E7-4A18-9242-415E0DBAF52E}
	EndGlobalSection
EndGlobal
